# generated by rye
# use `rye lock` or `rye sync` to update this lockfile
#
# last locked with the following flags:
#   pre: false
#   features: []
#   all-features: false
#   with-sources: false
#   generate-hashes: false
#   universal: false

-e file:.
asgiref==3.8.1
    # via django
better-exceptions==0.3.3
    # via djangoadmin
click==8.1.7
    # via uvicorn
django==5.0.7
    # via djangoadmin
et-xmlfile==1.1.0
    # via openpyxl
h11==0.14.0
    # via uvicorn
numpy==2.0.1
    # via pandas
openpyxl==3.1.5
    # via djangoadmin
pandas==2.2.2
    # via djangoadmin
pillow==10.4.0
    # via djangoadmin
psycopg==3.2.1
    # via djangoadmin
psycopg2-binary==2.9.9
    # via djangoadmin
python-dateutil==2.9.0.post0
    # via pandas
pytz==2024.1
    # via pandas
six==1.16.0
    # via python-dateutil
sqlparse==0.5.1
    # via django
toml==0.10.2
    # via djangoadmin
typing-extensions==4.12.2
    # via psycopg
tzdata==2024.1
    # via pandas
uvicorn==0.30.3
    # via djangoadmin
